dependencies:
- name: ollama
  repository: https://helm.otwld.com/
  version: 1.43.0
- name: pipelines
  repository: https://helm.openwebui.com
  version: 0.10.1
- name: tika
  repository: https://apache.jfrog.io/artifactory/tika
  version: 3.2.2
digest: sha256:b6060ef551eedebb4ed9b47c7158a4929f75c89f1b00dce0a063c5e5617dadf6
generated: "2026-02-16T07:27:24.266956201Z"
