dependencies:
- name: ollama
  repository: https://helm.otwld.com/
  version: 1.52.0
- name: pipelines
  repository: https://helm.openwebui.com
  version: 0.11.0
- name: tika
  repository: https://apache.jfrog.io/artifactory/tika
  version: 3.2.2
digest: sha256:efc5b479205541a32956518c42b8f6689c7dd423dd16b75176b5ed3bb42078e6
generated: "2026-03-19T09:38:11.804452456Z"
