dependencies:
- name: ollama
  repository: https://helm.otwld.com/
  version: 1.54.0
- name: pipelines
  repository: https://helm.openwebui.com
  version: 0.11.0
- name: tika
  repository: https://apache.jfrog.io/artifactory/tika
  version: 3.2.2
digest: sha256:a5117165117fb365558f9281926fc81e0e9b9bf9bb6bb571bae16f92f90adbf3
generated: "2026-03-30T10:03:13.7486265Z"
